<?xml version="1.0" encoding="UTF-8" standalone="yes" ?>
<CodeBlocks_project_file>
	<FileVersion major="1" minor="6" />
	<Project>
		<Option title="swatsa" />
		<Option pch_mode="2" />
		<Option compiler="gfortran" />
		<Build>
			<Target title="Debug">
				<Option output="bin/Debug/swatsa" prefix_auto="1" extension_auto="1" />
				<Option object_output="obj/Debug/" />
				<Option type="1" />
				<Option compiler="gfortran" />
				<Compiler>
					<Add option="-g" />
				</Compiler>
			</Target>
			<Target title="Release">
				<Option output="bin/Release/swatsa" prefix_auto="1" extension_auto="1" />
				<Option object_output="obj/Release/" />
				<Option type="1" />
				<Option compiler="gfortran" />
				<Compiler>
					<Add option="-O2" />
				</Compiler>
				<Linker>
					<Add option="-s" />
				</Linker>
			</Target>
		</Build>
		<Compiler>
			<Add option="-Wall" />
		</Compiler>
		<Unit filename="rev637_scr/NCsed_leach.f90" />
		<Unit filename="rev637_scr/addh.f" />
		<Unit filename="rev637_scr/albedo.f" />
		<Unit filename="rev637_scr/allocate_parms.f" />
		<Unit filename="rev637_scr/alph.f" />
		<Unit filename="rev637_scr/anfert.f" />
		<Unit filename="rev637_scr/apex_day.f" />
		<Unit filename="rev637_scr/apply.f" />
		<Unit filename="rev637_scr/ascrv.f" />
		<Unit filename="rev637_scr/atri.f" />
		<Unit filename="rev637_scr/aunif.f" />
		<Unit filename="rev637_scr/autoirr.f" />
		<Unit filename="rev637_scr/aveval.f" />
		<Unit filename="rev637_scr/bacteria.f" />
		<Unit filename="rev637_scr/biofilm.f" />
		<Unit filename="rev637_scr/biozone.f" />
		<Unit filename="rev637_scr/bmp_det_pond.f" />
		<Unit filename="rev637_scr/bmp_ri_pond.f" />
		<Unit filename="rev637_scr/bmp_sand_filter.f" />
		<Unit filename="rev637_scr/bmp_sed_pond.f" />
		<Unit filename="rev637_scr/bmp_wet_pond.f" />
		<Unit filename="rev637_scr/bmpfixed.f" />
		<Unit filename="rev637_scr/bmpinit.f" />
		<Unit filename="rev637_scr/buffer.f" />
		<Unit filename="rev637_scr/burnop.f" />
		<Unit filename="rev637_scr/canopyint.f" />
		<Unit filename="rev637_scr/caps.f" />
		<Unit filename="rev637_scr/carbon_new.f" />
		<Unit filename="rev637_scr/carbon_zhang2.f90" />
		<Unit filename="rev637_scr/cfactor.f" />
		<Unit filename="rev637_scr/chkcst.f" />
		<Unit filename="rev637_scr/clgen.f" />
		<Unit filename="rev637_scr/clicon.f" />
		<Unit filename="rev637_scr/command.f" />
		<Unit filename="rev637_scr/conapply.f" />
		<Unit filename="rev637_scr/confert.f" />
		<Unit filename="rev637_scr/crackflow.f" />
		<Unit filename="rev637_scr/crackvol.f" />
		<Unit filename="rev637_scr/curno.f" />
		<Unit filename="rev637_scr/dailycn.f" />
		<Unit filename="rev637_scr/decay.f" />
		<Unit filename="rev637_scr/depstor.f" />
		<Unit filename="rev637_scr/distrib_bmps.f" />
		<Unit filename="rev637_scr/dormant.f" />
		<Unit filename="rev637_scr/drains.f" />
		<Unit filename="rev637_scr/dstn1.f" />
		<Unit filename="rev637_scr/ee.f" />
		<Unit filename="rev637_scr/eiusle.f" />
		<Unit filename="rev637_scr/enrsb.f" />
		<Unit filename="rev637_scr/erfc.f" />
		<Unit filename="rev637_scr/estimate_ksat.f" />
		<Unit filename="rev637_scr/etact.f" />
		<Unit filename="rev637_scr/etpot.f" />
		<Unit filename="rev637_scr/expo.f" />
		<Unit filename="rev637_scr/fert.f" />
		<Unit filename="rev637_scr/filter.f" />
		<Unit filename="rev637_scr/filtw.f" />
		<Unit filename="rev637_scr/finalbal.f" />
		<Unit filename="rev637_scr/gcycl.f" />
		<Unit filename="rev637_scr/getallo.f" />
		<Unit filename="rev637_scr/grass_wway.f" />
		<Unit filename="rev637_scr/graze.f" />
		<Unit filename="rev637_scr/grow.f" />
		<Unit filename="rev637_scr/gw_no3.f" />
		<Unit filename="rev637_scr/gw_sa.f90" />
		<Unit filename="rev637_scr/gwmod.f" />
		<Unit filename="rev637_scr/gwmod_deep.f" />
		<Unit filename="rev637_scr/gwnutr.f" />
		<Unit filename="rev637_scr/h2omgt_init.f" />
		<Unit filename="rev637_scr/harvestop.f" />
		<Unit filename="rev637_scr/harvgrainop.f" />
		<Unit filename="rev637_scr/harvkillop.f" />
		<Unit filename="rev637_scr/header.f" />
		<Unit filename="rev637_scr/headout.f" />
		<Unit filename="rev637_scr/hhnoqual.f" />
		<Unit filename="rev637_scr/hhwatqual.f" />
		<Unit filename="rev637_scr/hmeas.f" />
		<Unit filename="rev637_scr/hruaa.f" />
		<Unit filename="rev637_scr/hruallo.f" />
		<Unit filename="rev637_scr/hruday.f90" />
		<Unit filename="rev637_scr/hrumon.f" />
		<Unit filename="rev637_scr/hrupond.f" />
		<Unit filename="rev637_scr/hrupondhr.f" />
		<Unit filename="rev637_scr/hruyr.f" />
		<Unit filename="rev637_scr/hydroinit.f" />
		<Unit filename="rev637_scr/icl.f" />
		<Unit filename="rev637_scr/impnd_init.f" />
		<Unit filename="rev637_scr/impndaa.f" />
		<Unit filename="rev637_scr/impndday.f" />
		<Unit filename="rev637_scr/impndmon.f" />
		<Unit filename="rev637_scr/impndyr.f" />
		<Unit filename="rev637_scr/irr_rch.f" />
		<Unit filename="rev637_scr/irr_res.f" />
		<Unit filename="rev637_scr/irrigate.f" />
		<Unit filename="rev637_scr/irrsub.f" />
		<Unit filename="rev637_scr/jdt.f" />
		<Unit filename="rev637_scr/killop.f" />
		<Unit filename="rev637_scr/lakeq.f" />
		<Unit filename="rev637_scr/latsed.f" />
		<Unit filename="rev637_scr/layersplit.f" />
		<Unit filename="rev637_scr/lwqdef.f" />
		<Unit filename="rev637_scr/main.f" />
		<Unit filename="rev637_scr/modparm.f" />
		<Unit filename="rev637_scr/ndenit.f" />
		<Unit filename="rev637_scr/newtillmix.f" />
		<Unit filename="rev637_scr/nfix.f" />
		<Unit filename="rev637_scr/nitvol.f" />
		<Unit filename="rev637_scr/nlch.f" />
		<Unit filename="rev637_scr/nminrl.f" />
		<Unit filename="rev637_scr/noqual.f" />
		<Unit filename="rev637_scr/npup.f" />
		<Unit filename="rev637_scr/nrain.f" />
		<Unit filename="rev637_scr/nup.f" />
		<Unit filename="rev637_scr/nuts.f" />
		<Unit filename="rev637_scr/openwth.f" />
		<Unit filename="rev637_scr/operatn.f" />
		<Unit filename="rev637_scr/orgn.f" />
		<Unit filename="rev637_scr/orgncswat.f" />
		<Unit filename="rev637_scr/origtile.f" />
		<Unit filename="rev637_scr/ovr_sed.f" />
		<Unit filename="rev637_scr/percmacro.f" />
		<Unit filename="rev637_scr/percmain.f" />
		<Unit filename="rev637_scr/percmicro.f" />
		<Unit filename="rev637_scr/pestlch.f" />
		<Unit filename="rev637_scr/pestw.f" />
		<Unit filename="rev637_scr/pesty.f" />
		<Unit filename="rev637_scr/pgen.f" />
		<Unit filename="rev637_scr/pgenhr.f" />
		<Unit filename="rev637_scr/pkq.f" />
		<Unit filename="rev637_scr/plantmod.f" />
		<Unit filename="rev637_scr/plantop.f" />
		<Unit filename="rev637_scr/pmeas.f" />
		<Unit filename="rev637_scr/pminrl.f" />
		<Unit filename="rev637_scr/pminrl2.f" />
		<Unit filename="rev637_scr/pond.f" />
		<Unit filename="rev637_scr/pondhr.f" />
		<Unit filename="rev637_scr/pothole.f" />
		<Unit filename="rev637_scr/potholehr.f" />
		<Unit filename="rev637_scr/print_hyd.f" />
		<Unit filename="rev637_scr/psed.f" />
		<Unit filename="rev637_scr/qman.f" />
		<Unit filename="rev637_scr/ran1.f" />
		<Unit filename="rev637_scr/rchaa.f" />
		<Unit filename="rev637_scr/rchday.f" />
		<Unit filename="rev637_scr/rchinit.f" />
		<Unit filename="rev637_scr/rchmon.f" />
		<Unit filename="rev637_scr/rchuse.f" />
		<Unit filename="rev637_scr/rchyr.f" />
		<Unit filename="rev637_scr/reachout.f" />
		<Unit filename="rev637_scr/readatmodep.f" />
		<Unit filename="rev637_scr/readbsn.f" />
		<Unit filename="rev637_scr/readchm.f" />
		<Unit filename="rev637_scr/readcnst.f" />
		<Unit filename="rev637_scr/readfcst.f" />
		<Unit filename="rev637_scr/readfert.f" />
		<Unit filename="rev637_scr/readfig.f" />
		<Unit filename="rev637_scr/readfile.f" />
		<Unit filename="rev637_scr/readgw.f" />
		<Unit filename="rev637_scr/readhru.f" />
		<Unit filename="rev637_scr/readinpt.f" />
		<Unit filename="rev637_scr/readlup.f" />
		<Unit filename="rev637_scr/readlwq.f" />
		<Unit filename="rev637_scr/readmgt.f" />
		<Unit filename="rev637_scr/readmon.f" />
		<Unit filename="rev637_scr/readops.f" />
		<Unit filename="rev637_scr/readpest.f" />
		<Unit filename="rev637_scr/readplant.f" />
		<Unit filename="rev637_scr/readpnd.f" />
		<Unit filename="rev637_scr/readres.f" />
		<Unit filename="rev637_scr/readrte.f" />
		<Unit filename="rev637_scr/readru.f" />
		<Unit filename="rev637_scr/readsdr.f" />
		<Unit filename="rev637_scr/readsepticbz.f" />
		<Unit filename="rev637_scr/readseptwq.f" />
		<Unit filename="rev637_scr/readsno.f" />
		<Unit filename="rev637_scr/readsol.f" />
		<Unit filename="rev637_scr/readsub.f" />
		<Unit filename="rev637_scr/readswq.f" />
		<Unit filename="rev637_scr/readtill.f" />
		<Unit filename="rev637_scr/readurban.f" />
		<Unit filename="rev637_scr/readwgn.f" />
		<Unit filename="rev637_scr/readwus.f" />
		<Unit filename="rev637_scr/readwwq.f" />
		<Unit filename="rev637_scr/readyr.f" />
		<Unit filename="rev637_scr/reccnst.f" />
		<Unit filename="rev637_scr/recday.f" />
		<Unit filename="rev637_scr/rechour.f" />
		<Unit filename="rev637_scr/recmon.f" />
		<Unit filename="rev637_scr/recyear.f" />
		<Unit filename="rev637_scr/regres.f" />
		<Unit filename="rev637_scr/res.f" />
		<Unit filename="rev637_scr/resbact.f" />
		<Unit filename="rev637_scr/resetlu.f" />
		<Unit filename="rev637_scr/reshr.f" />
		<Unit filename="rev637_scr/resinit.f" />
		<Unit filename="rev637_scr/resnut.f" />
		<Unit filename="rev637_scr/rewind_init.f" />
		<Unit filename="rev637_scr/rhgen.f" />
		<Unit filename="rev637_scr/rootfr.f" />
		<Unit filename="rev637_scr/route.f" />
		<Unit filename="rev637_scr/routels.f" />
		<Unit filename="rev637_scr/routeunit.f" />
		<Unit filename="rev637_scr/routres.f" />
		<Unit filename="rev637_scr/rsedaa.f" />
		<Unit filename="rev637_scr/rseday.f" />
		<Unit filename="rev637_scr/rsedmon.f" />
		<Unit filename="rev637_scr/rsedyr.f" />
		<Unit filename="rev637_scr/rtbact.f" />
		<Unit filename="rev637_scr/rtday.f" />
		<Unit filename="rev637_scr/rteinit.f" />
		<Unit filename="rev637_scr/rthmusk.f" />
		<Unit filename="rev637_scr/rthpest.f" />
		<Unit filename="rev637_scr/rthr.f" />
		<Unit filename="rev637_scr/rthsed.f" />
		<Unit filename="rev637_scr/rtmusk.f" />
		<Unit filename="rev637_scr/rtout.f" />
		<Unit filename="rev637_scr/rtpest.f" />
		<Unit filename="rev637_scr/rtsed.f" />
		<Unit filename="rev637_scr/rtsed_Molinas_Wu.f" />
		<Unit filename="rev637_scr/rtsed_bagnold.f" />
		<Unit filename="rev637_scr/rtsed_kodatie.f" />
		<Unit filename="rev637_scr/rtsed_yangsand.f" />
		<Unit filename="rev637_scr/sat_excess.f" />
		<Unit filename="rev637_scr/save.f" />
		<Unit filename="rev637_scr/saveconc.f" />
		<Unit filename="rev637_scr/sched_mgt.f" />
		<Unit filename="rev637_scr/schedule_ops.f" />
		<Unit filename="rev637_scr/sim_initday.f" />
		<Unit filename="rev637_scr/sim_inityr.f" />
		<Unit filename="rev637_scr/simulate.f" />
		<Unit filename="rev637_scr/slrgen.f" />
		<Unit filename="rev637_scr/smeas.f" />
		<Unit filename="rev637_scr/snom.f" />
		<Unit filename="rev637_scr/soil_chem.f" />
		<Unit filename="rev637_scr/soil_par.f" />
		<Unit filename="rev637_scr/soil_phys.f" />
		<Unit filename="rev637_scr/soil_write.f" />
		<Unit filename="rev637_scr/solp.f" />
		<Unit filename="rev637_scr/solt.f" />
		<Unit filename="rev637_scr/std1.f" />
		<Unit filename="rev637_scr/std2.f" />
		<Unit filename="rev637_scr/std3.f" />
		<Unit filename="rev637_scr/stdaa.f" />
		<Unit filename="rev637_scr/storeinitial.f" />
		<Unit filename="rev637_scr/structure.f" />
		<Unit filename="rev637_scr/sub_subbasin.f" />
		<Unit filename="rev637_scr/subaa.f" />
		<Unit filename="rev637_scr/subbasin.f" />
		<Unit filename="rev637_scr/subday.f" />
		<Unit filename="rev637_scr/submon.f" />
		<Unit filename="rev637_scr/substor.f" />
		<Unit filename="rev637_scr/subwq.f" />
		<Unit filename="rev637_scr/subyr.f" />
		<Unit filename="rev637_scr/sumhyd.f" />
		<Unit filename="rev637_scr/sumv.f" />
		<Unit filename="rev637_scr/surface.f" />
		<Unit filename="rev637_scr/surfst_h2o.f" />
		<Unit filename="rev637_scr/surfstor.f" />
		<Unit filename="rev637_scr/surq_daycn.f" />
		<Unit filename="rev637_scr/surq_greenampt.f" />
		<Unit filename="rev637_scr/swbl.f" />
		<Unit filename="rev637_scr/sweep.f" />
		<Unit filename="rev637_scr/swu.f" />
		<Unit filename="rev637_scr/tair.f" />
		<Unit filename="rev637_scr/tgen.f" />
		<Unit filename="rev637_scr/theta.f" />
		<Unit filename="rev637_scr/tillfactor.f" />
		<Unit filename="rev637_scr/tillmix.f" />
		<Unit filename="rev637_scr/tmeas.f" />
		<Unit filename="rev637_scr/tran.f" />
		<Unit filename="rev637_scr/transfer.f" />
		<Unit filename="rev637_scr/tstr.f" />
		<Unit filename="rev637_scr/ttcoef.f" />
		<Unit filename="rev637_scr/ttcoef_wway.f" />
		<Unit filename="rev637_scr/urb_bmp.f" />
		<Unit filename="rev637_scr/urban.f" />
		<Unit filename="rev637_scr/urbanhr.f" />
		<Unit filename="rev637_scr/varinit.f" />
		<Unit filename="rev637_scr/vbl.f" />
		<Unit filename="rev637_scr/virtual.f" />
		<Unit filename="rev637_scr/volq.f" />
		<Unit filename="rev637_scr/washp.f" />
		<Unit filename="rev637_scr/watbal.f" />
		<Unit filename="rev637_scr/water_hru.f" />
		<Unit filename="rev637_scr/watqual.f" />
		<Unit filename="rev637_scr/watqual2.f" />
		<Unit filename="rev637_scr/wattable.f" />
		<Unit filename="rev637_scr/watuse.f" />
		<Unit filename="rev637_scr/weatgn.f" />
		<Unit filename="rev637_scr/wetlan.f" />
		<Unit filename="rev637_scr/wmeas.f" />
		<Unit filename="rev637_scr/wndgen.f" />
		<Unit filename="rev637_scr/writea.f" />
		<Unit filename="rev637_scr/writeaa.f" />
		<Unit filename="rev637_scr/writed.f" />
		<Unit filename="rev637_scr/writem.f" />
		<Unit filename="rev637_scr/xmon.f" />
		<Unit filename="rev637_scr/ysed.f" />
		<Unit filename="rev637_scr/zero0.f" />
		<Unit filename="rev637_scr/zero1.f" />
		<Unit filename="rev637_scr/zero2.f" />
		<Unit filename="rev637_scr/zero_urbn.f" />
		<Unit filename="rev637_scr/zeroini.f" />
		<Extensions>
			<code_completion />
			<envvars />
			<debugger />
			<lib_finder disable_auto="1" />
		</Extensions>
	</Project>
</CodeBlocks_project_file>
